
Microsoft Visual Studio Solution File, Format Version 12.00
# Visual Studio 2013
VisualStudioVersion = 12.0.21005.1
MinimumVisualStudioVersion = 10.0.40219.1
Project("{8BC9CEB8-8B4A-11D0-8D11-00A0C91BC942}") = "模拟实现优化版vector增容", "模拟实现优化版vector增容\模拟实现优化版vector增容.vcxproj", "{7954E7D5-9D50-4999-A152-4F3F7D65D89D}"
EndProject
Global
	GlobalSection(SolutionConfigurationPlatforms) = preSolution
		Debug|Win32 = Debug|Win32
		Release|Win32 = Release|Win32
	EndGlobalSection
	GlobalSection(ProjectConfigurationPlatforms) = postSolution
		{7954E7D5-9D50-4999-A152-4F3F7D65D89D}.Debug|Win32.ActiveCfg = Debug|Win32
		{7954E7D5-9D50-4999-A152-4F3F7D65D89D}.Debug|Win32.Build.0 = Debug|Win32
		{7954E7D5-9D50-4999-A152-4F3F7D65D89D}.Release|Win32.ActiveCfg = Release|Win32
		{7954E7D5-9D50-4999-A152-4F3F7D65D89D}.Release|Win32.Build.0 = Release|Win32
	EndGlobalSection
	GlobalSection(SolutionProperties) = preSolution
		HideSolutionNode = FALSE
	EndGlobalSection
EndGlobal
