
Microsoft Visual Studio Solution File, Format Version 12.00
# Visual Studio 2013
VisualStudioVersion = 12.0.21005.1
MinimumVisualStudioVersion = 10.0.40219.1
Project("{8BC9CEB8-8B4A-11D0-8D11-00A0C91BC942}") = "哈希表复习", "哈希表复习\哈希表复习.vcxproj", "{6C52AE02-6A2A-4434-88D8-027818BF6818}"
EndProject
Global
	GlobalSection(SolutionConfigurationPlatforms) = preSolution
		Debug|Win32 = Debug|Win32
		Release|Win32 = Release|Win32
	EndGlobalSection
	GlobalSection(ProjectConfigurationPlatforms) = postSolution
		{6C52AE02-6A2A-4434-88D8-027818BF6818}.Debug|Win32.ActiveCfg = Debug|Win32
		{6C52AE02-6A2A-4434-88D8-027818BF6818}.Debug|Win32.Build.0 = Debug|Win32
		{6C52AE02-6A2A-4434-88D8-027818BF6818}.Release|Win32.ActiveCfg = Release|Win32
		{6C52AE02-6A2A-4434-88D8-027818BF6818}.Release|Win32.Build.0 = Release|Win32
	EndGlobalSection
	GlobalSection(SolutionProperties) = preSolution
		HideSolutionNode = FALSE
	EndGlobalSection
EndGlobal
