
Microsoft Visual Studio Solution File, Format Version 12.00
# Visual Studio 2013
VisualStudioVersion = 12.0.21005.1
MinimumVisualStudioVersion = 10.0.40219.1
Project("{8BC9CEB8-8B4A-11D0-8D11-00A0C91BC942}") = "单链表oj", "单链表oj\单链表oj.vcxproj", "{299DD198-CF6F-4712-8F33-7C7C814DD54E}"
EndProject
Global
	GlobalSection(SolutionConfigurationPlatforms) = preSolution
		Debug|Win32 = Debug|Win32
		Release|Win32 = Release|Win32
	EndGlobalSection
	GlobalSection(ProjectConfigurationPlatforms) = postSolution
		{299DD198-CF6F-4712-8F33-7C7C814DD54E}.Debug|Win32.ActiveCfg = Debug|Win32
		{299DD198-CF6F-4712-8F33-7C7C814DD54E}.Debug|Win32.Build.0 = Debug|Win32
		{299DD198-CF6F-4712-8F33-7C7C814DD54E}.Release|Win32.ActiveCfg = Release|Win32
		{299DD198-CF6F-4712-8F33-7C7C814DD54E}.Release|Win32.Build.0 = Release|Win32
	EndGlobalSection
	GlobalSection(SolutionProperties) = preSolution
		HideSolutionNode = FALSE
	EndGlobalSection
EndGlobal
